
Microsoft Visual Studio Solution File, Format Version 12.00
# Visual Studio 14
VisualStudioVersion = 14.0.23107.0
MinimumVisualStudioVersion = 10.0.40219.1
Project("{FAE04EC0-301F-11D3-BF4B-00C04F79EFBC}") = "FirTreeProject", "FirTreeProject\FirTreeProject.csproj", "{6536FDAC-2DC3-41C4-9978-E1A645C1FD8F}"
EndProject
Project("{FAE04EC0-301F-11D3-BF4B-00C04F79EFBC}") = "FirTreeProjectTests", "FirTreeProjectTests\FirTreeProjectTests.csproj", "{89F836F8-1A91-4B9C-AD31-BE6CA71AB2BE}"
EndProject
Global
	GlobalSection(SolutionConfigurationPlatforms) = preSolution
		Debug|Any CPU = Debug|Any CPU
		Release|Any CPU = Release|Any CPU
	EndGlobalSection
	GlobalSection(ProjectConfigurationPlatforms) = postSolution
		{6536FDAC-2DC3-41C4-9978-E1A645C1FD8F}.Debug|Any CPU.ActiveCfg = Debug|Any CPU
		{6536FDAC-2DC3-41C4-9978-E1A645C1FD8F}.Debug|Any CPU.Build.0 = Debug|Any CPU
		{6536FDAC-2DC3-41C4-9978-E1A645C1FD8F}.Release|Any CPU.ActiveCfg = Release|Any CPU
		{6536FDAC-2DC3-41C4-9978-E1A645C1FD8F}.Release|Any CPU.Build.0 = Release|Any CPU
		{89F836F8-1A91-4B9C-AD31-BE6CA71AB2BE}.Debug|Any CPU.ActiveCfg = Debug|Any CPU
		{89F836F8-1A91-4B9C-AD31-BE6CA71AB2BE}.Debug|Any CPU.Build.0 = Debug|Any CPU
		{89F836F8-1A91-4B9C-AD31-BE6CA71AB2BE}.Release|Any CPU.ActiveCfg = Release|Any CPU
		{89F836F8-1A91-4B9C-AD31-BE6CA71AB2BE}.Release|Any CPU.Build.0 = Release|Any CPU
	EndGlobalSection
	GlobalSection(SolutionProperties) = preSolution
		HideSolutionNode = FALSE
	EndGlobalSection
EndGlobal
