
Microsoft Visual Studio Solution File, Format Version 11.00
# Visual Studio 2010
# SharpDevelop 5.1
Project("{FAE04EC0-301F-11D3-BF4B-00C04F79EFBC}") = "CombatsDataViewer", "CombatsDataViewer\CombatsDataViewer.csproj", "{8E9CE276-CA51-452D-97EB-C913426DF43B}"
EndProject
Project("{FAE04EC0-301F-11D3-BF4B-00C04F79EFBC}") = "DataLayer", "DataLayer\DataLayer.csproj", "{7CD0BC53-2718-4688-8217-FC9E253E8F81}"
EndProject
Project("{FAE04EC0-301F-11D3-BF4B-00C04F79EFBC}") = "LogicLayer", "LogicLayer\LogicLayer.csproj", "{F4603EDE-26AC-4238-AEFA-456C9376325E}"
EndProject
Global
	GlobalSection(SolutionConfigurationPlatforms) = preSolution
		Debug|Any CPU = Debug|Any CPU
		Release|Any CPU = Release|Any CPU
	EndGlobalSection
	GlobalSection(ProjectConfigurationPlatforms) = postSolution
		{8E9CE276-CA51-452D-97EB-C913426DF43B}.Debug|Any CPU.ActiveCfg = Debug|Any CPU
		{8E9CE276-CA51-452D-97EB-C913426DF43B}.Debug|Any CPU.Build.0 = Debug|Any CPU
		{8E9CE276-CA51-452D-97EB-C913426DF43B}.Release|Any CPU.ActiveCfg = Release|Any CPU
		{8E9CE276-CA51-452D-97EB-C913426DF43B}.Release|Any CPU.Build.0 = Release|Any CPU
		{7CD0BC53-2718-4688-8217-FC9E253E8F81}.Debug|Any CPU.ActiveCfg = Debug|Any CPU
		{7CD0BC53-2718-4688-8217-FC9E253E8F81}.Debug|Any CPU.Build.0 = Debug|Any CPU
		{7CD0BC53-2718-4688-8217-FC9E253E8F81}.Release|Any CPU.ActiveCfg = Release|Any CPU
		{7CD0BC53-2718-4688-8217-FC9E253E8F81}.Release|Any CPU.Build.0 = Release|Any CPU
		{F4603EDE-26AC-4238-AEFA-456C9376325E}.Debug|Any CPU.ActiveCfg = Debug|Any CPU
		{F4603EDE-26AC-4238-AEFA-456C9376325E}.Debug|Any CPU.Build.0 = Debug|Any CPU
		{F4603EDE-26AC-4238-AEFA-456C9376325E}.Release|Any CPU.ActiveCfg = Release|Any CPU
		{F4603EDE-26AC-4238-AEFA-456C9376325E}.Release|Any CPU.Build.0 = Release|Any CPU
	EndGlobalSection
EndGlobal
